{
  "version": 4,
  "terraform_version": "1.9.8",
  "serial": 313,
  "lineage": "3cbba8a4-14dc-9a90-c451-82dac57d39e9",
  "outputs": {
    "master_node_ip": {
      "value": "",
      "type": "string"
    },
    "ubuntu_vm_password": {
      "value": "EqgMVZB7S6rjByv6",
      "type": "string",
      "sensitive": true
    },
    "ubuntu_vm_private_key": {
      "value": "-----BEGIN RSA PRIVATE KEY-----\nMIIEogIBAAKCAQEArBUhAcNg1zT+BUfTZ4M0Zuq+W9LVXvFXK5Pg87R0GDar9G4i\nxTrvAT1Uwjefqm2B5oLM076XbYThTT3FmbUp9PXQWCjlp6UJurkbHKhFbxkGaWq+\nAh3nAQX3i4kKK9kVNll/mdz1nD2a2kTvfI6ZJTgYGi/Kb6cHLRJisUv1vMsQzLv9\nGK7jwAdR9R3XQ5tacLBNmSoYtSJSCbnrp72PMnmUXVSGA8dhdcNIl/1utlsfPYJB\nQCTmhS/+c6ALODAu1vS51fHqcElF3Q+BdKhP04M7RmiGnSQCR8j74Jrd4gFEduh6\nFfv4Aje6xOihtZdl+CVqgEtPlMg262h2p4aWQQIDAQABAoIBAE0iK2le6kmMt1Am\nodwEM7jt/+Wo23tzMl+WKX8To/Y2i11FANDnWbp0g0mLJUZ/T3rDpoxDIh01Msgs\nqCX9zpC+nmTl8Ar1LydDUaPGyVjDHtyhvAm23ZTX193zz1tYMunptAiDwpQGCSNN\nQwvR31OPkT4rrdHeTJknZJWUNtIodvXMzCySY4X2wR3oK267WkV1xQPhREUL5KqZ\nfjvLDkXZY2TkeWUf5SsB47cNY3ohmmnbtcLuyyUceuHKpNLYggoGV/bdjc2CTZSk\nI/NYfLRgMdihNBcqmdTw8JQ3P3XX+QyaNbxoSXTWLSgP5Kh8HM5cVVA4vPtYgFDq\nbz4NZwECgYEA4cPu4orng3G8LkmDOEfwX5j9Jl0lFJVNYWgve57j2DbMHYGvea7S\nj8MKhQ33RGEBM6QapusbGaL3PrAanjJVSSggQvIC5v+JniLPE4KTYC187joivI8I\nKZknIQiGSTZA25nnrLDLWhAf33hjwHG+EZMxOwjBnJ7foyjjIOZevJsCgYEAwyDA\nQjXyvTw3jpNC+bG1f5OENlk+8w71e5b1uXhQ+2/l/mcCe8uIh2yqImpc8NI9S/zE\neAsZS1Ddj0GFXkPJbOlRqI2TgRzyuwxc8EAyE8oGho6dzOkH5hJfb7bTtky7igI0\nF+8/ESSSQw2FU6q+gyca6no0QCvSTj1oVNgNUFMCgYBrSHdxcf6YKOj6ufZAPXdN\nhl7t5x9iy5ws6Jx/yz6MlWWjs+fWFCx9InsSRVO2S76NcrMzlM+Y/Ccvw/GyMUrz\n67yA845LhS05V2M96zPrZVJTxo6ROgrv8ZZ1jR57Fev2Lwm3t3+6uaTbxdLpNWPT\n6DVhz0RqD9lIKHrePHrSdwKBgES3u/2VUi8ijc5APk4BL5IGOYGKXIjss7caqt7u\naFakSbMWQ+GlBCftNN1559FHuR6Rnf9IqVfE2sIgqP9RkBYy9PcPJOtLbpBBAln5\nwakGdNXeU+ReDNIRllqZYGXLECDCNeZX8zXuUzQaBuI4N2+ozenVr6EJzb6QEbYP\ngGDRAoGASeXtwwupIaHd57rh7rlCiP7Xsy76kRksTieLHdx+iHhvtHg4na1Vp5Md\n2moCcwRgJ4kScnQD+NWUmHFSNy+X8ZuzHRKIKGcz9Dn4OIRKuQxILGqYIv8Eg1MN\nmYAgSaHZnUMpOw59r/kXQaXf1Jg72bXromZ7xnaaInXpRMFjyFQ=\n-----END RSA PRIVATE KEY-----\n",
      "type": "string",
      "sensitive": true
    },
    "ubuntu_vm_public_key": {
      "value": "ssh-rsa AAAAB3NzaC1yc2EAAAADAQABAAABAQCsFSEBw2DXNP4FR9NngzRm6r5b0tVe8Vcrk+DztHQYNqv0biLFOu8BPVTCN5+qbYHmgszTvpdthOFNPcWZtSn09dBYKOWnpQm6uRscqEVvGQZpar4CHecBBfeLiQor2RU2WX+Z3PWcPZraRO98jpklOBgaL8pvpwctEmKxS/W8yxDMu/0YruPAB1H1HddDm1pwsE2ZKhi1IlIJueunvY8yeZRdVIYDx2F1w0iX/W62Wx89gkFAJOaFL/5zoAs4MC7W9LnV8epwSUXdD4F0qE/TgztGaIadJAJHyPvgmt3iAUR26HoV+/gCN7rE6KG1l2X4JWqAS0+UyDbraHanhpZB\n",
      "type": "string"
    }
  },
  "resources": [
    {
      "mode": "managed",
      "type": "local_file",
      "name": "ubuntu_vm_password_file",
      "provider": "provider[\"registry.terraform.io/hashicorp/local\"]",
      "instances": [
        {
          "schema_version": 0,
          "attributes": {
            "content": "EqgMVZB7S6rjByv6",
            "content_base64": null,
            "content_base64sha256": "DWdnoNBdtqi6RJA4MKJ6EjlYnqMYLpQWAGFA5Isuivw=",
            "content_base64sha512": "Oa4mQfeIxhiqPkFKTz+85p/kWyXjZOBzQb+X8VubMDyEprHGcZN01/gUVgtVr74UfKThDOaCgZTjqkLkcxIDzQ==",
            "content_md5": "dfba0cc45cea38dd5021d08f2bba8869",
            "content_sha1": "8c87bfe58bd864c86c9b4de5649597510932fd8f",
            "content_sha256": "0d6767a0d05db6a8ba44903830a27a1239589ea3182e9416006140e48b2e8afc",
            "content_sha512": "39ae2641f788c618aa3e414a4f3fbce69fe45b25e364e07341bf97f15b9b303c84a6b1c6719374d7f814560b55afbe147ca4e10ce6828194e3aa42e4731203cd",
            "directory_permission": "0777",
            "file_permission": "0777",
            "filename": "./ubuntu_vm_password.txt",
            "id": "8c87bfe58bd864c86c9b4de5649597510932fd8f",
            "sensitive_content": null,
            "source": null
          },
          "sensitive_attributes": [
            [
              {
                "type": "get_attr",
                "value": "sensitive_content"
              }
            ],
            [
              {
                "type": "get_attr",
                "value": "content"
              }
            ]
          ],
          "dependencies": [
            "random_password.ubuntu_vm_password"
          ]
        }
      ]
    },
    {
      "mode": "managed",
      "type": "proxmox_virtual_environment_download_file",
      "name": "latest_ubuntu_22_jammy_qcow2_img",
      "provider": "provider[\"registry.terraform.io/bpg/proxmox\"]",
      "instances": [
        {
          "schema_version": 0,
          "attributes": {
            "checksum": null,
            "checksum_algorithm": null,
            "content_type": "iso",
            "datastore_id": "local",
            "decompression_algorithm": null,
            "file_name": "jammy-server-cloudimg-amd64.img",
            "id": "local:iso/jammy-server-cloudimg-amd64.img",
            "node_name": "node2",
            "overwrite": true,
            "overwrite_unmanaged": false,
            "size": 653668352,
            "upload_timeout": 600,
            "url": "https://cloud-images.ubuntu.com/jammy/current/jammy-server-cloudimg-amd64.img",
            "verify": true
          },
          "sensitive_attributes": [],
          "private": "eyJvcmlnaW5hbF9zdGF0ZV9zaXplIjoiTmpVek5qWTRNelV5IiwidXJsX3NpemUiOiJOalV6TmpZNE16VXkifQ=="
        }
      ]
    },
    {
      "mode": "managed",
      "type": "proxmox_virtual_environment_file",
      "name": "cloud_config",
      "provider": "provider[\"registry.terraform.io/bpg/proxmox\"]",
      "instances": [
        {
          "schema_version": 0,
          "attributes": {
            "content_type": "snippets",
            "datastore_id": "local",
            "file_mode": null,
            "file_modification_date": null,
            "file_name": "cloud-config-master.yaml",
            "file_size": null,
            "file_tag": null,
            "id": "local:snippets/cloud-config-master.yaml",
            "node_name": "node2",
            "overwrite": true,
            "source_file": [],
            "source_raw": [
              {
                "data": "#cloud-config\r\nchpasswd:\r\n  list: |\r\n    ubuntu:password\r\n  expire: false\r\nhostname: master_node\r\npackages:\r\n  - qemu-guest-agent\r\nusers:\r\n  - default\r\n  - name: ubuntu\r\n    groups: sudo\r\n    shell: /bin/bash\r\n    ssh-authorized-keys:\r\n      - ssh-rsa AAAAB3NzaC1yc2EAAAADAQABAAABAQCsFSEBw2DXNP4FR9NngzRm6r5b0tVe8Vcrk+DztHQYNqv0biLFOu8BPVTCN5+qbYHmgszTvpdthOFNPcWZtSn09dBYKOWnpQm6uRscqEVvGQZpar4CHecBBfeLiQor2RU2WX+Z3PWcPZraRO98jpklOBgaL8pvpwctEmKxS/W8yxDMu/0YruPAB1H1HddDm1pwsE2ZKhi1IlIJueunvY8yeZRdVIYDx2F1w0iX/W62Wx89gkFAJOaFL/5zoAs4MC7W9LnV8epwSUXdD4F0qE/TgztGaIadJAJHyPvgmt3iAUR26HoV+/gCN7rE6KG1l2X4JWqAS0+UyDbraHanhpZB\r\n    sudo: ALL=(ALL) NOPASSWD:ALL\r\nruncmd:\r\n  - echo \"Hello, World!\" \u003e /tmp/hello.txt  \r\n  - sudo snap install microk8s --classic --channel=1.31\r\n  - sudo microk8s status --wait-ready\r\n  - sudo microk8s enable dns dashboard\r\n",
                "file_name": "cloud-config-master.yaml",
                "resize": 0
              }
            ],
            "timeout_upload": 1800
          },
          "sensitive_attributes": [],
          "private": "bnVsbA==",
          "dependencies": [
            "tls_private_key.ubuntu_vm_key"
          ]
        }
      ]
    },
    {
      "mode": "managed",
      "type": "proxmox_virtual_environment_file",
      "name": "cloud_config_worker",
      "provider": "provider[\"registry.terraform.io/bpg/proxmox\"]",
      "instances": [
        {
          "schema_version": 0,
          "attributes": {
            "content_type": "snippets",
            "datastore_id": "local",
            "file_mode": null,
            "file_modification_date": null,
            "file_name": "cloud-config-worker.yaml",
            "file_size": null,
            "file_tag": null,
            "id": "local:snippets/cloud-config-worker.yaml",
            "node_name": "node2",
            "overwrite": true,
            "source_file": [],
            "source_raw": [
              {
                "data": "#cloud-config\r\nchpasswd:\r\n  list: |\r\n    ubuntu:password\r\n  expire: false\r\nhostname: worker_node\r\npackages:\r\n  - qemu-guest-agent\r\nusers:\r\n  - default\r\n  - name: ubuntu\r\n    groups: sudo\r\n    shell: /bin/bash\r\n    ssh-authorized-keys:\r\n      - ssh-rsa AAAAB3NzaC1yc2EAAAADAQABAAABAQCsFSEBw2DXNP4FR9NngzRm6r5b0tVe8Vcrk+DztHQYNqv0biLFOu8BPVTCN5+qbYHmgszTvpdthOFNPcWZtSn09dBYKOWnpQm6uRscqEVvGQZpar4CHecBBfeLiQor2RU2WX+Z3PWcPZraRO98jpklOBgaL8pvpwctEmKxS/W8yxDMu/0YruPAB1H1HddDm1pwsE2ZKhi1IlIJueunvY8yeZRdVIYDx2F1w0iX/W62Wx89gkFAJOaFL/5zoAs4MC7W9LnV8epwSUXdD4F0qE/TgztGaIadJAJHyPvgmt3iAUR26HoV+/gCN7rE6KG1l2X4JWqAS0+UyDbraHanhpZB\r\n    sudo: ALL=(ALL) NOPASSWD:ALL\r\nruncmd:\r\n  - echo \"Hello, World!\" \u003e /tmp/hello.txt  \r\n  - sudo snap install microk8s --classic --channel=1.31\r\n  - sudo microk8s status --wait-ready\r\n  - JOIN_COMMAND=$(ssh ubuntu@dhcp 'sudo microk8s add-node' | grep 'microk8s join')\r\n  - sudo $JOIN_COMMAND\r\n  - sudo microk8s kubectl get nodes\r\n     \r\n",
                "file_name": "cloud-config-worker.yaml",
                "resize": 0
              }
            ],
            "timeout_upload": 1800
          },
          "sensitive_attributes": [],
          "private": "bnVsbA==",
          "dependencies": [
            "proxmox_virtual_environment_download_file.latest_ubuntu_22_jammy_qcow2_img",
            "proxmox_virtual_environment_file.cloud_config",
            "proxmox_virtual_environment_vm.master_node",
            "tls_private_key.ubuntu_vm_key"
          ]
        }
      ]
    },
    {
      "mode": "managed",
      "type": "proxmox_virtual_environment_file",
      "name": "cloud_config_worker_2",
      "provider": "provider[\"registry.terraform.io/bpg/proxmox\"]",
      "instances": [
        {
          "schema_version": 0,
          "attributes": {
            "content_type": "snippets",
            "datastore_id": "local",
            "file_mode": null,
            "file_modification_date": null,
            "file_name": "cloud-config-worker-2.yaml",
            "file_size": null,
            "file_tag": null,
            "id": "local:snippets/cloud-config-worker-2.yaml",
            "node_name": "node2",
            "overwrite": true,
            "source_file": [],
            "source_raw": [
              {
                "data": "#cloud-config\r\nchpasswd:\r\n  list: |\r\n    ubuntu:password\r\n  expire: false\r\nhostname: worker_node_2\r\npackages:\r\n  - qemu-guest-agent\r\nusers:\r\n  - default\r\n  - name: ubuntu\r\n    groups: sudo\r\n    shell: /bin/bash\r\n    ssh-authorized-keys:\r\n      - ssh-rsa AAAAB3NzaC1yc2EAAAADAQABAAABAQCsFSEBw2DXNP4FR9NngzRm6r5b0tVe8Vcrk+DztHQYNqv0biLFOu8BPVTCN5+qbYHmgszTvpdthOFNPcWZtSn09dBYKOWnpQm6uRscqEVvGQZpar4CHecBBfeLiQor2RU2WX+Z3PWcPZraRO98jpklOBgaL8pvpwctEmKxS/W8yxDMu/0YruPAB1H1HddDm1pwsE2ZKhi1IlIJueunvY8yeZRdVIYDx2F1w0iX/W62Wx89gkFAJOaFL/5zoAs4MC7W9LnV8epwSUXdD4F0qE/TgztGaIadJAJHyPvgmt3iAUR26HoV+/gCN7rE6KG1l2X4JWqAS0+UyDbraHanhpZB\r\n    sudo: ALL=(ALL) NOPASSWD:ALL\r\nruncmd:\r\n  - echo \"Hello, World!\" \u003e /tmp/hello.txt  \r\n  - sudo snap install microk8s --classic --channel=1.31\r\n  - sudo microk8s status --wait-ready\r\n  - JOIN_COMMAND=$(ssh ubuntu@dhcp 'sudo microk8s add-node' | grep 'microk8s join')\r\n  - sudo $JOIN_COMMAND\r\n  - sudo microk8s kubectl get nodes\r\n",
                "file_name": "cloud-config-worker-2.yaml",
                "resize": 0
              }
            ],
            "timeout_upload": 1800
          },
          "sensitive_attributes": [],
          "private": "bnVsbA==",
          "dependencies": [
            "proxmox_virtual_environment_download_file.latest_ubuntu_22_jammy_qcow2_img",
            "proxmox_virtual_environment_file.cloud_config",
            "proxmox_virtual_environment_vm.master_node",
            "tls_private_key.ubuntu_vm_key"
          ]
        }
      ]
    },
    {
      "mode": "managed",
      "type": "proxmox_virtual_environment_vm",
      "name": "master_node",
      "provider": "provider[\"registry.terraform.io/bpg/proxmox\"]",
      "instances": [
        {
          "schema_version": 0,
          "attributes": {
            "acpi": true,
            "agent": [
              {
                "enabled": false,
                "timeout": "15m",
                "trim": false,
                "type": "virtio"
              }
            ],
            "audio_device": [],
            "bios": "seabios",
            "boot_order": null,
            "cdrom": [],
            "clone": [],
            "cpu": [
              {
                "affinity": "",
                "architecture": "",
                "cores": 2,
                "flags": [],
                "hotplugged": 0,
                "limit": 0,
                "numa": false,
                "sockets": 1,
                "type": "x86-64-v2-AES",
                "units": 1024
              }
            ],
            "description": "MicroK8s Master Node",
            "disk": [
              {
                "aio": "io_uring",
                "backup": true,
                "cache": "none",
                "datastore_id": "local-lvm",
                "discard": "ignore",
                "file_format": "raw",
                "file_id": "local:iso/jammy-server-cloudimg-amd64.img",
                "interface": "scsi0",
                "iothread": false,
                "path_in_datastore": "vm-4320-disk-0",
                "replicate": true,
                "serial": "",
                "size": 8,
                "speed": [],
                "ssd": false
              }
            ],
            "efi_disk": [],
            "hook_script_file_id": null,
            "hostpci": [],
            "id": "4320",
            "initialization": [
              {
                "datastore_id": "local-lvm",
                "dns": [],
                "interface": "ide2",
                "ip_config": [
                  {
                    "ipv4": [
                      {
                        "address": "dhcp",
                        "gateway": ""
                      }
                    ],
                    "ipv6": []
                  }
                ],
                "meta_data_file_id": "",
                "network_data_file_id": "",
                "type": "",
                "upgrade": false,
                "user_account": [
                  {
                    "keys": [
                      "ssh-rsa AAAAB3NzaC1yc2EAAAADAQABAAABAQCsFSEBw2DXNP4FR9NngzRm6r5b0tVe8Vcrk+DztHQYNqv0biLFOu8BPVTCN5+qbYHmgszTvpdthOFNPcWZtSn09dBYKOWnpQm6uRscqEVvGQZpar4CHecBBfeLiQor2RU2WX+Z3PWcPZraRO98jpklOBgaL8pvpwctEmKxS/W8yxDMu/0YruPAB1H1HddDm1pwsE2ZKhi1IlIJueunvY8yeZRdVIYDx2F1w0iX/W62Wx89gkFAJOaFL/5zoAs4MC7W9LnV8epwSUXdD4F0qE/TgztGaIadJAJHyPvgmt3iAUR26HoV+/gCN7rE6KG1l2X4JWqAS0+UyDbraHanhpZB"
                    ],
                    "password": "**********",
                    "username": "ubuntu"
                  }
                ],
                "user_data_file_id": "local:snippets/cloud-config-master.yaml",
                "vendor_data_file_id": ""
              }
            ],
            "ipv4_addresses": [],
            "ipv6_addresses": [],
            "keyboard_layout": "en-us",
            "kvm_arguments": "",
            "mac_addresses": [
              "BC:24:11:8D:84:35"
            ],
            "machine": "",
            "memory": [
              {
                "dedicated": 2048,
                "floating": 2048,
                "hugepages": "",
                "keep_hugepages": false,
                "shared": 0
              }
            ],
            "migrate": false,
            "name": "microk8s-master-node",
            "network_device": [
              {
                "bridge": "vmbr0",
                "disconnected": false,
                "enabled": true,
                "firewall": false,
                "mac_address": "BC:24:11:8D:84:35",
                "model": "virtio",
                "mtu": 0,
                "queues": 0,
                "rate_limit": 0,
                "trunks": "",
                "vlan_id": 0
              }
            ],
            "network_interface_names": [],
            "node_name": "node2",
            "numa": [],
            "on_boot": true,
            "operating_system": [
              {
                "type": "l26"
              }
            ],
            "pool_id": null,
            "protection": false,
            "reboot": false,
            "scsi_hardware": "virtio-scsi-pci",
            "serial_device": [
              {
                "device": "socket"
              }
            ],
            "smbios": [],
            "started": true,
            "startup": [
              {
                "down_delay": 60,
                "order": 3,
                "up_delay": 60
              }
            ],
            "stop_on_destroy": true,
            "tablet_device": true,
            "tags": [
              "master",
              "microk8s",
              "terraform"
            ],
            "template": false,
            "timeout_clone": 1800,
            "timeout_create": 1800,
            "timeout_migrate": 1800,
            "timeout_move_disk": 1800,
            "timeout_reboot": 1800,
            "timeout_shutdown_vm": 1800,
            "timeout_start_vm": 1800,
            "timeout_stop_vm": 300,
            "tpm_state": [],
            "usb": [],
            "vga": [],
            "vm_id": 4320,
            "watchdog": []
          },
          "sensitive_attributes": [
            [
              {
                "type": "get_attr",
                "value": "initialization"
              },
              {
                "type": "index",
                "value": {
                  "value": 0,
                  "type": "number"
                }
              },
              {
                "type": "get_attr",
                "value": "user_account"
              },
              {
                "type": "index",
                "value": {
                  "value": 0,
                  "type": "number"
                }
              },
              {
                "type": "get_attr",
                "value": "password"
              }
            ]
          ],
          "private": "bnVsbA==",
          "dependencies": [
            "proxmox_virtual_environment_download_file.latest_ubuntu_22_jammy_qcow2_img",
            "proxmox_virtual_environment_file.cloud_config",
            "tls_private_key.ubuntu_vm_key"
          ]
        }
      ]
    },
    {
      "mode": "managed",
      "type": "proxmox_virtual_environment_vm",
      "name": "worker_node",
      "provider": "provider[\"registry.terraform.io/bpg/proxmox\"]",
      "instances": [
        {
          "schema_version": 0,
          "attributes": {
            "acpi": true,
            "agent": [
              {
                "enabled": false,
                "timeout": "15m",
                "trim": false,
                "type": "virtio"
              }
            ],
            "audio_device": [],
            "bios": "seabios",
            "boot_order": null,
            "cdrom": [],
            "clone": [],
            "cpu": [
              {
                "affinity": "",
                "architecture": "",
                "cores": 2,
                "flags": [],
                "hotplugged": 0,
                "limit": 0,
                "numa": false,
                "sockets": 1,
                "type": "x86-64-v2-AES",
                "units": 1024
              }
            ],
            "description": "MicroK8s Worker Node",
            "disk": [
              {
                "aio": "io_uring",
                "backup": true,
                "cache": "none",
                "datastore_id": "local-lvm",
                "discard": "ignore",
                "file_format": "raw",
                "file_id": "local:iso/jammy-server-cloudimg-amd64.img",
                "interface": "scsi0",
                "iothread": false,
                "path_in_datastore": "vm-4322-disk-0",
                "replicate": true,
                "serial": "",
                "size": 8,
                "speed": [],
                "ssd": false
              }
            ],
            "efi_disk": [],
            "hook_script_file_id": null,
            "hostpci": [],
            "id": "4322",
            "initialization": [
              {
                "datastore_id": "local-lvm",
                "dns": [],
                "interface": "ide2",
                "ip_config": [
                  {
                    "ipv4": [
                      {
                        "address": "dhcp",
                        "gateway": ""
                      }
                    ],
                    "ipv6": []
                  }
                ],
                "meta_data_file_id": "",
                "network_data_file_id": "",
                "type": "",
                "upgrade": false,
                "user_account": [
                  {
                    "keys": [
                      "ssh-rsa AAAAB3NzaC1yc2EAAAADAQABAAABAQCsFSEBw2DXNP4FR9NngzRm6r5b0tVe8Vcrk+DztHQYNqv0biLFOu8BPVTCN5+qbYHmgszTvpdthOFNPcWZtSn09dBYKOWnpQm6uRscqEVvGQZpar4CHecBBfeLiQor2RU2WX+Z3PWcPZraRO98jpklOBgaL8pvpwctEmKxS/W8yxDMu/0YruPAB1H1HddDm1pwsE2ZKhi1IlIJueunvY8yeZRdVIYDx2F1w0iX/W62Wx89gkFAJOaFL/5zoAs4MC7W9LnV8epwSUXdD4F0qE/TgztGaIadJAJHyPvgmt3iAUR26HoV+/gCN7rE6KG1l2X4JWqAS0+UyDbraHanhpZB"
                    ],
                    "password": "**********",
                    "username": "ubuntu"
                  }
                ],
                "user_data_file_id": "local:snippets/cloud-config-worker.yaml",
                "vendor_data_file_id": ""
              }
            ],
            "ipv4_addresses": [],
            "ipv6_addresses": [],
            "keyboard_layout": "en-us",
            "kvm_arguments": "",
            "mac_addresses": [
              "BC:24:11:EC:80:E2"
            ],
            "machine": "",
            "memory": [
              {
                "dedicated": 2048,
                "floating": 2048,
                "hugepages": "",
                "keep_hugepages": false,
                "shared": 0
              }
            ],
            "migrate": false,
            "name": "microk8s-worker-node",
            "network_device": [
              {
                "bridge": "vmbr0",
                "disconnected": false,
                "enabled": true,
                "firewall": false,
                "mac_address": "BC:24:11:EC:80:E2",
                "model": "virtio",
                "mtu": 0,
                "queues": 0,
                "rate_limit": 0,
                "trunks": "",
                "vlan_id": 0
              }
            ],
            "network_interface_names": [],
            "node_name": "node2",
            "numa": [],
            "on_boot": true,
            "operating_system": [
              {
                "type": "l26"
              }
            ],
            "pool_id": null,
            "protection": false,
            "reboot": false,
            "scsi_hardware": "virtio-scsi-pci",
            "serial_device": [
              {
                "device": "socket"
              }
            ],
            "smbios": [],
            "started": true,
            "startup": [
              {
                "down_delay": 60,
                "order": 3,
                "up_delay": 60
              }
            ],
            "stop_on_destroy": true,
            "tablet_device": true,
            "tags": [
              "microk8s",
              "terraform",
              "worker"
            ],
            "template": false,
            "timeout_clone": 1800,
            "timeout_create": 1800,
            "timeout_migrate": 1800,
            "timeout_move_disk": 1800,
            "timeout_reboot": 1800,
            "timeout_shutdown_vm": 1800,
            "timeout_start_vm": 1800,
            "timeout_stop_vm": 300,
            "tpm_state": [],
            "usb": [],
            "vga": [],
            "vm_id": 4322,
            "watchdog": []
          },
          "sensitive_attributes": [
            [
              {
                "type": "get_attr",
                "value": "initialization"
              },
              {
                "type": "index",
                "value": {
                  "value": 0,
                  "type": "number"
                }
              },
              {
                "type": "get_attr",
                "value": "user_account"
              },
              {
                "type": "index",
                "value": {
                  "value": 0,
                  "type": "number"
                }
              },
              {
                "type": "get_attr",
                "value": "password"
              }
            ]
          ],
          "private": "bnVsbA==",
          "dependencies": [
            "proxmox_virtual_environment_download_file.latest_ubuntu_22_jammy_qcow2_img",
            "proxmox_virtual_environment_file.cloud_config",
            "proxmox_virtual_environment_file.cloud_config_worker",
            "proxmox_virtual_environment_vm.master_node",
            "tls_private_key.ubuntu_vm_key"
          ]
        }
      ]
    },
    {
      "mode": "managed",
      "type": "proxmox_virtual_environment_vm",
      "name": "worker_node_2",
      "provider": "provider[\"registry.terraform.io/bpg/proxmox\"]",
      "instances": [
        {
          "schema_version": 0,
          "attributes": {
            "acpi": true,
            "agent": [
              {
                "enabled": false,
                "timeout": "15m",
                "trim": false,
                "type": "virtio"
              }
            ],
            "audio_device": [],
            "bios": "seabios",
            "boot_order": null,
            "cdrom": [],
            "clone": [],
            "cpu": [
              {
                "affinity": "",
                "architecture": "",
                "cores": 2,
                "flags": [],
                "hotplugged": 0,
                "limit": 0,
                "numa": false,
                "sockets": 1,
                "type": "x86-64-v2-AES",
                "units": 1024
              }
            ],
            "description": "MicroK8s Worker Node-2",
            "disk": [
              {
                "aio": "io_uring",
                "backup": true,
                "cache": "none",
                "datastore_id": "local-lvm",
                "discard": "ignore",
                "file_format": "raw",
                "file_id": "local:iso/jammy-server-cloudimg-amd64.img",
                "interface": "scsi0",
                "iothread": false,
                "path_in_datastore": "vm-4324-disk-0",
                "replicate": true,
                "serial": "",
                "size": 8,
                "speed": [],
                "ssd": false
              }
            ],
            "efi_disk": [],
            "hook_script_file_id": null,
            "hostpci": [],
            "id": "4324",
            "initialization": [
              {
                "datastore_id": "local-lvm",
                "dns": [],
                "interface": "ide2",
                "ip_config": [
                  {
                    "ipv4": [
                      {
                        "address": "dhcp",
                        "gateway": ""
                      }
                    ],
                    "ipv6": []
                  }
                ],
                "meta_data_file_id": "",
                "network_data_file_id": "",
                "type": "",
                "upgrade": false,
                "user_account": [
                  {
                    "keys": [
                      "ssh-rsa AAAAB3NzaC1yc2EAAAADAQABAAABAQCsFSEBw2DXNP4FR9NngzRm6r5b0tVe8Vcrk+DztHQYNqv0biLFOu8BPVTCN5+qbYHmgszTvpdthOFNPcWZtSn09dBYKOWnpQm6uRscqEVvGQZpar4CHecBBfeLiQor2RU2WX+Z3PWcPZraRO98jpklOBgaL8pvpwctEmKxS/W8yxDMu/0YruPAB1H1HddDm1pwsE2ZKhi1IlIJueunvY8yeZRdVIYDx2F1w0iX/W62Wx89gkFAJOaFL/5zoAs4MC7W9LnV8epwSUXdD4F0qE/TgztGaIadJAJHyPvgmt3iAUR26HoV+/gCN7rE6KG1l2X4JWqAS0+UyDbraHanhpZB"
                    ],
                    "password": "**********",
                    "username": "ubuntu"
                  }
                ],
                "user_data_file_id": "local:snippets/cloud-config-worker-2.yaml",
                "vendor_data_file_id": ""
              }
            ],
            "ipv4_addresses": [],
            "ipv6_addresses": [],
            "keyboard_layout": "en-us",
            "kvm_arguments": "",
            "mac_addresses": [
              "BC:24:11:83:59:FD"
            ],
            "machine": "",
            "memory": [
              {
                "dedicated": 2048,
                "floating": 2048,
                "hugepages": "",
                "keep_hugepages": false,
                "shared": 0
              }
            ],
            "migrate": false,
            "name": "microk8s-worker-node-2",
            "network_device": [
              {
                "bridge": "vmbr0",
                "disconnected": false,
                "enabled": true,
                "firewall": false,
                "mac_address": "BC:24:11:83:59:FD",
                "model": "virtio",
                "mtu": 0,
                "queues": 0,
                "rate_limit": 0,
                "trunks": "",
                "vlan_id": 0
              }
            ],
            "network_interface_names": [],
            "node_name": "node2",
            "numa": [],
            "on_boot": true,
            "operating_system": [
              {
                "type": "l26"
              }
            ],
            "pool_id": null,
            "protection": false,
            "reboot": false,
            "scsi_hardware": "virtio-scsi-pci",
            "serial_device": [
              {
                "device": "socket"
              }
            ],
            "smbios": [],
            "started": true,
            "startup": [
              {
                "down_delay": 60,
                "order": 3,
                "up_delay": 60
              }
            ],
            "stop_on_destroy": true,
            "tablet_device": true,
            "tags": [
              "microk8s",
              "terraform",
              "worker"
            ],
            "template": false,
            "timeout_clone": 1800,
            "timeout_create": 1800,
            "timeout_migrate": 1800,
            "timeout_move_disk": 1800,
            "timeout_reboot": 1800,
            "timeout_shutdown_vm": 1800,
            "timeout_start_vm": 1800,
            "timeout_stop_vm": 300,
            "tpm_state": [],
            "usb": [],
            "vga": [],
            "vm_id": 4324,
            "watchdog": []
          },
          "sensitive_attributes": [
            [
              {
                "type": "get_attr",
                "value": "initialization"
              },
              {
                "type": "index",
                "value": {
                  "value": 0,
                  "type": "number"
                }
              },
              {
                "type": "get_attr",
                "value": "user_account"
              },
              {
                "type": "index",
                "value": {
                  "value": 0,
                  "type": "number"
                }
              },
              {
                "type": "get_attr",
                "value": "password"
              }
            ]
          ],
          "private": "bnVsbA==",
          "dependencies": [
            "proxmox_virtual_environment_download_file.latest_ubuntu_22_jammy_qcow2_img",
            "proxmox_virtual_environment_file.cloud_config",
            "proxmox_virtual_environment_file.cloud_config_worker_2",
            "proxmox_virtual_environment_vm.master_node",
            "tls_private_key.ubuntu_vm_key"
          ]
        }
      ]
    },
    {
      "mode": "managed",
      "type": "random_password",
      "name": "ubuntu_vm_password",
      "provider": "provider[\"registry.terraform.io/hashicorp/random\"]",
      "instances": [
        {
          "schema_version": 3,
          "attributes": {
            "bcrypt_hash": "$2a$10$3GwAe4uu1O2Wh46nntydF..BcljAailQJ6qo8KayNHTvaXV/7OBpS",
            "id": "none",
            "keepers": null,
            "length": 16,
            "lower": true,
            "min_lower": 0,
            "min_numeric": 0,
            "min_special": 0,
            "min_upper": 0,
            "number": true,
            "numeric": true,
            "override_special": "_%@",
            "result": "EqgMVZB7S6rjByv6",
            "special": true,
            "upper": true
          },
          "sensitive_attributes": [
            [
              {
                "type": "get_attr",
                "value": "result"
              }
            ],
            [
              {
                "type": "get_attr",
                "value": "bcrypt_hash"
              }
            ]
          ]
        }
      ]
    },
    {
      "mode": "managed",
      "type": "tls_private_key",
      "name": "ubuntu_vm_key",
      "provider": "provider[\"registry.terraform.io/hashicorp/tls\"]",
      "instances": [
        {
          "schema_version": 1,
          "attributes": {
            "algorithm": "RSA",
            "ecdsa_curve": "P224",
            "id": "c1764621689f54fb2af54597af38085427c70b43",
            "private_key_openssh": "-----BEGIN OPENSSH PRIVATE KEY-----\nb3BlbnNzaC1rZXktdjEAAAAABG5vbmUAAAAEbm9uZQAAAAAAAAABAAABFwAAAAdz\nc2gtcnNhAAAAAwEAAQAAAQEArBUhAcNg1zT+BUfTZ4M0Zuq+W9LVXvFXK5Pg87R0\nGDar9G4ixTrvAT1Uwjefqm2B5oLM076XbYThTT3FmbUp9PXQWCjlp6UJurkbHKhF\nbxkGaWq+Ah3nAQX3i4kKK9kVNll/mdz1nD2a2kTvfI6ZJTgYGi/Kb6cHLRJisUv1\nvMsQzLv9GK7jwAdR9R3XQ5tacLBNmSoYtSJSCbnrp72PMnmUXVSGA8dhdcNIl/1u\ntlsfPYJBQCTmhS/+c6ALODAu1vS51fHqcElF3Q+BdKhP04M7RmiGnSQCR8j74Jrd\n4gFEduh6Ffv4Aje6xOihtZdl+CVqgEtPlMg262h2p4aWQQAAA7gNZGNsDWRjbAAA\nAAdzc2gtcnNhAAABAQCsFSEBw2DXNP4FR9NngzRm6r5b0tVe8Vcrk+DztHQYNqv0\nbiLFOu8BPVTCN5+qbYHmgszTvpdthOFNPcWZtSn09dBYKOWnpQm6uRscqEVvGQZp\nar4CHecBBfeLiQor2RU2WX+Z3PWcPZraRO98jpklOBgaL8pvpwctEmKxS/W8yxDM\nu/0YruPAB1H1HddDm1pwsE2ZKhi1IlIJueunvY8yeZRdVIYDx2F1w0iX/W62Wx89\ngkFAJOaFL/5zoAs4MC7W9LnV8epwSUXdD4F0qE/TgztGaIadJAJHyPvgmt3iAUR2\n6HoV+/gCN7rE6KG1l2X4JWqAS0+UyDbraHanhpZBAAAAAwEAAQAAAQBNIitpXupJ\njLdQJqHcBDO47f/lqNt7czJflil/E6P2NotdRQDQ51m6dINJiyVGf096w6aMQyId\nNTLILKgl/c6Qvp5k5fAK9S8nQ1GjxslYwx7cobwJtt2U19fd889bWDLp6bQIg8KU\nBgkjTUML0d9Tj5E+K63R3kyZJ2SVlDbSKHb1zMwskmOF9sEd6Ctuu1pFdcUD4URF\nC+SqmX47yw5F2WNk5HllH+UrAeO3DWN6IZpp27XC7sslHHrhyqTS2IIKBlf23Y3N\ngk2UpCPzWHy0YDHYoTQXKpnU8PCUNz911/kMmjW8aEl01i0oD+SofBzOXFVQOLz7\nWIBQ6m8+DWcBAAAAgEnl7cMLqSGh3ee64e65Qoj+17Mu+pEZLE4nix3cfoh4b7R4\nOJ2tVaeTHdpqAnMEYCeJEnJ0A/jVlJhxUjcvl/Gbsx0SiChnM/Q5+DiESrkMSCxq\nmCL/BINTDZmAIEmh2Z1DKTsOfa/5F0Gl39SYO9m166Jme8Z2miJ16UTBY8hUAAAA\ngQDhw+7iiueDcbwuSYM4R/BfmP0mXSUUlU1haC97nuPYNswdga95rtKPwwqFDfdE\nYQEzpBqm6xsZovc+sBqeMlVJKCBC8gLm/4meIs8TgpNgLXzuOiK8jwgpmSchCIZJ\nNkDbmeessMtaEB/feGPAcb4RkzE7CMGcnt+jKOMg5l68mwAAAIEAwyDAQjXyvTw3\njpNC+bG1f5OENlk+8w71e5b1uXhQ+2/l/mcCe8uIh2yqImpc8NI9S/zEeAsZS1Dd\nj0GFXkPJbOlRqI2TgRzyuwxc8EAyE8oGho6dzOkH5hJfb7bTtky7igI0F+8/ESSS\nQw2FU6q+gyca6no0QCvSTj1oVNgNUFMAAAAAAQID\n-----END OPENSSH PRIVATE KEY-----\n",
            "private_key_pem": "-----BEGIN RSA PRIVATE KEY-----\nMIIEogIBAAKCAQEArBUhAcNg1zT+BUfTZ4M0Zuq+W9LVXvFXK5Pg87R0GDar9G4i\nxTrvAT1Uwjefqm2B5oLM076XbYThTT3FmbUp9PXQWCjlp6UJurkbHKhFbxkGaWq+\nAh3nAQX3i4kKK9kVNll/mdz1nD2a2kTvfI6ZJTgYGi/Kb6cHLRJisUv1vMsQzLv9\nGK7jwAdR9R3XQ5tacLBNmSoYtSJSCbnrp72PMnmUXVSGA8dhdcNIl/1utlsfPYJB\nQCTmhS/+c6ALODAu1vS51fHqcElF3Q+BdKhP04M7RmiGnSQCR8j74Jrd4gFEduh6\nFfv4Aje6xOihtZdl+CVqgEtPlMg262h2p4aWQQIDAQABAoIBAE0iK2le6kmMt1Am\nodwEM7jt/+Wo23tzMl+WKX8To/Y2i11FANDnWbp0g0mLJUZ/T3rDpoxDIh01Msgs\nqCX9zpC+nmTl8Ar1LydDUaPGyVjDHtyhvAm23ZTX193zz1tYMunptAiDwpQGCSNN\nQwvR31OPkT4rrdHeTJknZJWUNtIodvXMzCySY4X2wR3oK267WkV1xQPhREUL5KqZ\nfjvLDkXZY2TkeWUf5SsB47cNY3ohmmnbtcLuyyUceuHKpNLYggoGV/bdjc2CTZSk\nI/NYfLRgMdihNBcqmdTw8JQ3P3XX+QyaNbxoSXTWLSgP5Kh8HM5cVVA4vPtYgFDq\nbz4NZwECgYEA4cPu4orng3G8LkmDOEfwX5j9Jl0lFJVNYWgve57j2DbMHYGvea7S\nj8MKhQ33RGEBM6QapusbGaL3PrAanjJVSSggQvIC5v+JniLPE4KTYC187joivI8I\nKZknIQiGSTZA25nnrLDLWhAf33hjwHG+EZMxOwjBnJ7foyjjIOZevJsCgYEAwyDA\nQjXyvTw3jpNC+bG1f5OENlk+8w71e5b1uXhQ+2/l/mcCe8uIh2yqImpc8NI9S/zE\neAsZS1Ddj0GFXkPJbOlRqI2TgRzyuwxc8EAyE8oGho6dzOkH5hJfb7bTtky7igI0\nF+8/ESSSQw2FU6q+gyca6no0QCvSTj1oVNgNUFMCgYBrSHdxcf6YKOj6ufZAPXdN\nhl7t5x9iy5ws6Jx/yz6MlWWjs+fWFCx9InsSRVO2S76NcrMzlM+Y/Ccvw/GyMUrz\n67yA845LhS05V2M96zPrZVJTxo6ROgrv8ZZ1jR57Fev2Lwm3t3+6uaTbxdLpNWPT\n6DVhz0RqD9lIKHrePHrSdwKBgES3u/2VUi8ijc5APk4BL5IGOYGKXIjss7caqt7u\naFakSbMWQ+GlBCftNN1559FHuR6Rnf9IqVfE2sIgqP9RkBYy9PcPJOtLbpBBAln5\nwakGdNXeU+ReDNIRllqZYGXLECDCNeZX8zXuUzQaBuI4N2+ozenVr6EJzb6QEbYP\ngGDRAoGASeXtwwupIaHd57rh7rlCiP7Xsy76kRksTieLHdx+iHhvtHg4na1Vp5Md\n2moCcwRgJ4kScnQD+NWUmHFSNy+X8ZuzHRKIKGcz9Dn4OIRKuQxILGqYIv8Eg1MN\nmYAgSaHZnUMpOw59r/kXQaXf1Jg72bXromZ7xnaaInXpRMFjyFQ=\n-----END RSA PRIVATE KEY-----\n",
            "private_key_pem_pkcs8": "-----BEGIN PRIVATE KEY-----\nMIIEvAIBADANBgkqhkiG9w0BAQEFAASCBKYwggSiAgEAAoIBAQCsFSEBw2DXNP4F\nR9NngzRm6r5b0tVe8Vcrk+DztHQYNqv0biLFOu8BPVTCN5+qbYHmgszTvpdthOFN\nPcWZtSn09dBYKOWnpQm6uRscqEVvGQZpar4CHecBBfeLiQor2RU2WX+Z3PWcPZra\nRO98jpklOBgaL8pvpwctEmKxS/W8yxDMu/0YruPAB1H1HddDm1pwsE2ZKhi1IlIJ\nueunvY8yeZRdVIYDx2F1w0iX/W62Wx89gkFAJOaFL/5zoAs4MC7W9LnV8epwSUXd\nD4F0qE/TgztGaIadJAJHyPvgmt3iAUR26HoV+/gCN7rE6KG1l2X4JWqAS0+UyDbr\naHanhpZBAgMBAAECggEATSIraV7qSYy3UCah3AQzuO3/5ajbe3MyX5YpfxOj9jaL\nXUUA0OdZunSDSYslRn9PesOmjEMiHTUyyCyoJf3OkL6eZOXwCvUvJ0NRo8bJWMMe\n3KG8CbbdlNfX3fPPW1gy6em0CIPClAYJI01DC9HfU4+RPiut0d5MmSdklZQ20ih2\n9czMLJJjhfbBHegrbrtaRXXFA+FERQvkqpl+O8sORdljZOR5ZR/lKwHjtw1jeiGa\nadu1wu7LJRx64cqk0tiCCgZX9t2NzYJNlKQj81h8tGAx2KE0FyqZ1PDwlDc/ddf5\nDJo1vGhJdNYtKA/kqHwczlxVUDi8+1iAUOpvPg1nAQKBgQDhw+7iiueDcbwuSYM4\nR/BfmP0mXSUUlU1haC97nuPYNswdga95rtKPwwqFDfdEYQEzpBqm6xsZovc+sBqe\nMlVJKCBC8gLm/4meIs8TgpNgLXzuOiK8jwgpmSchCIZJNkDbmeessMtaEB/feGPA\ncb4RkzE7CMGcnt+jKOMg5l68mwKBgQDDIMBCNfK9PDeOk0L5sbV/k4Q2WT7zDvV7\nlvW5eFD7b+X+ZwJ7y4iHbKoialzw0j1L/MR4CxlLUN2PQYVeQ8ls6VGojZOBHPK7\nDFzwQDITygaGjp3M6QfmEl9vttO2TLuKAjQX7z8RJJJDDYVTqr6DJxrqejRAK9JO\nPWhU2A1QUwKBgGtId3Fx/pgo6Pq59kA9d02GXu3nH2LLnCzonH/LPoyVZaOz59YU\nLH0iexJFU7ZLvo1yszOUz5j8Jy/D8bIxSvPrvIDzjkuFLTlXYz3rM+tlUlPGjpE6\nCu/xlnWNHnsV6/YvCbe3f7q5pNvF0uk1Y9PoNWHPRGoP2Ugoet48etJ3AoGARLe7\n/ZVSLyKNzkA+TgEvkgY5gYpciOyztxqq3u5oVqRJsxZD4aUEJ+003Xnn0Ue5HpGd\n/0ipV8TawiCo/1GQFjL09w8k60tukEECWfnBqQZ01d5T5F4M0hGWWplgZcsQIMI1\n5lfzNe5TNBoG4jg3b6jN6dWvoQnNvpARtg+AYNECgYBJ5e3DC6khod3nuuHuuUKI\n/tezLvqRGSxOJ4sd3H6IeG+0eDidrVWnkx3aagJzBGAniRJydAP41ZSYcVI3L5fx\nm7MdEogoZzP0Ofg4hEq5DEgsapgi/wSDUw2ZgCBJodmdQyk7Dn2v+RdBpd/UmDvZ\nteuiZnvGdpoidelEwWPIVA==\n-----END PRIVATE KEY-----\n",
            "public_key_fingerprint_md5": "fa:b4:a7:f4:ce:4a:05:8a:fd:17:d2:37:18:0b:53:57",
            "public_key_fingerprint_sha256": "SHA256:1URNLZEkFHgaJV0gPEsPSwWGZ9TVC0yuhu1WVYiCmPk",
            "public_key_openssh": "ssh-rsa AAAAB3NzaC1yc2EAAAADAQABAAABAQCsFSEBw2DXNP4FR9NngzRm6r5b0tVe8Vcrk+DztHQYNqv0biLFOu8BPVTCN5+qbYHmgszTvpdthOFNPcWZtSn09dBYKOWnpQm6uRscqEVvGQZpar4CHecBBfeLiQor2RU2WX+Z3PWcPZraRO98jpklOBgaL8pvpwctEmKxS/W8yxDMu/0YruPAB1H1HddDm1pwsE2ZKhi1IlIJueunvY8yeZRdVIYDx2F1w0iX/W62Wx89gkFAJOaFL/5zoAs4MC7W9LnV8epwSUXdD4F0qE/TgztGaIadJAJHyPvgmt3iAUR26HoV+/gCN7rE6KG1l2X4JWqAS0+UyDbraHanhpZB\n",
            "public_key_pem": "-----BEGIN PUBLIC KEY-----\nMIIBIjANBgkqhkiG9w0BAQEFAAOCAQ8AMIIBCgKCAQEArBUhAcNg1zT+BUfTZ4M0\nZuq+W9LVXvFXK5Pg87R0GDar9G4ixTrvAT1Uwjefqm2B5oLM076XbYThTT3FmbUp\n9PXQWCjlp6UJurkbHKhFbxkGaWq+Ah3nAQX3i4kKK9kVNll/mdz1nD2a2kTvfI6Z\nJTgYGi/Kb6cHLRJisUv1vMsQzLv9GK7jwAdR9R3XQ5tacLBNmSoYtSJSCbnrp72P\nMnmUXVSGA8dhdcNIl/1utlsfPYJBQCTmhS/+c6ALODAu1vS51fHqcElF3Q+BdKhP\n04M7RmiGnSQCR8j74Jrd4gFEduh6Ffv4Aje6xOihtZdl+CVqgEtPlMg262h2p4aW\nQQIDAQAB\n-----END PUBLIC KEY-----\n",
            "rsa_bits": 2048
          },
          "sensitive_attributes": [
            [
              {
                "type": "get_attr",
                "value": "private_key_pem"
              }
            ],
            [
              {
                "type": "get_attr",
                "value": "private_key_openssh"
              }
            ],
            [
              {
                "type": "get_attr",
                "value": "private_key_pem_pkcs8"
              }
            ]
          ]
        }
      ]
    }
  ],
  "check_results": null
}
