{
  "version": 4,
  "terraform_version": "1.9.8",
  "serial": 239,
  "lineage": "3cbba8a4-14dc-9a90-c451-82dac57d39e9",
  "outputs": {
    "ubuntu_vm_password": {
      "value": "6MWngy65d6td22HR",
      "type": "string",
      "sensitive": true
    },
    "ubuntu_vm_private_key": {
      "value": "-----BEGIN RSA PRIVATE KEY-----\nMIIEowIBAAKCAQEAnZcte3zyZn5MiWGhV5eHc4hT8aGKXByNv8AL//zSfdEF8brI\nJS32o1pD+QEt68Af3La8A4GSCVw9MLE93mAjfEhE+hoYII7ncYd0es5vhZXlLYvp\nIhLVM8+/sTgPDAp8OWGHRwoIv8GpZo5H12LEWJC9YPLVR2Ar7IWcqiu8wMCv4H3F\nFQatTS89mXCEZeW3yy7fFI4pIX3l4qGczj1AUNV3dCmj/0q/vhJFhgmefDlQwl0q\nCjKDkklH7z+4m59WBvsJQ1JYpn9HkDafBJy21MFjTqnxO8H2Qsq/plFCnjeKRr3q\nYUtMIp2AwWRGchRS5liiXt266ppnS77Sy0dnYwIDAQABAoIBAB2pKZ9Xegw+c0tc\nO9DPrWfaXepZvD/wA+H2VIve2wNhRxwjSq5sw0IlqCuCxFDd/WE+Z47FYWYvnTi/\n82QadjNbKthj9uyR2Q/uLcc7eZQMDXGQJtYJ82ToEi1Z3sMmahEmwR5mzhTBb4/k\n8bKhXVFKFMrdibUAbeP7lewVhVZF4m4Tl1LEfiR3GTDMlXzFKik6WTvkwZfEy7U8\nzQpMgcPm8vB+ZFc8hs7yTZvjf67+Eq/VL1v7/keoA1rRYSWMnunQlcpIytTRFPeM\npCxCJE16Oz50jI2GU8bAP5UznZ37jZJqyKkNkoJcG0zC6kKg6pnDVLspWCPijksW\nglCVmOECgYEAz5N8cwBfzR4LD22AOWoZcqooF+B1GOL+suQhWsE/e+OBuw3mmZfR\nSQYKRk1I+KvqQpN3CdogZIifczDxRt4Ayi50As1kxCBXq3etz3DBBx/1mL1wuCQp\n6+ry/hPOhuIe4S8oic2G45SWEDDRaW5RkjJv8YJ9wawwcDbGcf1XvTMCgYEAwlqJ\nSs8xM+K9tFkamrEx11+7/ffZcUdZymoO5OeqELXI+nHQoKZXR/NNXas/9hm9yM4A\nWtBt48WQSF3+KzMSHYzecvcMC2kpyxx3DR14mGhOgWU1bMSZ8Ypgzu2zDWOeYzGE\nwHFvc2kYUdoEeFNzx3mnbiBs8EX5hDyn6B5GzRECgYEAk6W8p7BkdGoiQ98Hjc9C\nOqV9zz4BDKqpsGVEtGEw3tZ8uKiylh2+58o8FLV0ai0efCyYR5G36MqlYDI37MiM\nl0NjkXq3ain3Mif2oc75/i9lajeVreVLTFvaa497H8ZHYLVCiIKAp/BQrUOMMQof\nS3ZE2eyPturbqXXMwdgKSLECgYBAvDFAprSHyL1RReCTp/Om/i86z4QwtAhXYG4n\nlnZR7IrNyH0qFV27DHI3gePjD/3j1aHOneAMXvDI+e2/69nb1+D8QAdWAag3C/sn\ndiqF8TA87z4VRYLVLjdClW/vRMAr4AGMq/voYBgGo2ybu4gz5/R5vPksKtKKVj3D\nFdqVUQKBgAC6Nq3571yHGJ/qPbuff3RB7RwQakKWFUjbY/YeUZhrElaaltdjtWB3\n5v0bclY6FyxAFujmXqzYtqQgomoHJ4IbzUQXA40vE/aEGV13ZR8NsWFtZNp0d1cg\n6NhxVVmtHhymbcEyabRmk4csrxznRVtAAaYeNnLCFSJOdcb7VznZ\n-----END RSA PRIVATE KEY-----\n",
      "type": "string",
      "sensitive": true
    },
    "ubuntu_vm_public_key": {
      "value": "ssh-rsa AAAAB3NzaC1yc2EAAAADAQABAAABAQCdly17fPJmfkyJYaFXl4dziFPxoYpcHI2/wAv//NJ90QXxusglLfajWkP5AS3rwB/ctrwDgZIJXD0wsT3eYCN8SET6Ghggjudxh3R6zm+FleUti+kiEtUzz7+xOA8MCnw5YYdHCgi/walmjkfXYsRYkL1g8tVHYCvshZyqK7zAwK/gfcUVBq1NLz2ZcIRl5bfLLt8UjikhfeXioZzOPUBQ1Xd0KaP/Sr++EkWGCZ58OVDCXSoKMoOSSUfvP7ibn1YG+wlDUlimf0eQNp8EnLbUwWNOqfE7wfZCyr+mUUKeN4pGvephS0winYDBZEZyFFLmWKJe3brqmmdLvtLLR2dj\n",
      "type": "string"
    }
  },
  "resources": [
    {
      "mode": "managed",
      "type": "local_file",
      "name": "ubuntu_vm_password_file",
      "provider": "provider[\"registry.terraform.io/hashicorp/local\"]",
      "instances": [
        {
          "schema_version": 0,
          "attributes": {
            "content": "6MWngy65d6td22HR",
            "content_base64": null,
            "content_base64sha256": "OXOmyVAWSArO8eifrmt6svIV8BVseuPbWoSsaPrvlpI=",
            "content_base64sha512": "w+XB+skOt87xViaOYRUVepPW8iPgUmX3xXb5UrGToz0hIPBwxlM0nGGOnVVUDUhTEHOX8AU7VwCR5nqAkKZ8Og==",
            "content_md5": "0cab34e104e5bdd799c1963a85825a7b",
            "content_sha1": "05f3afd97a2491b51b2df1c65de0331a3e7b9d39",
            "content_sha256": "3973a6c95016480acef1e89fae6b7ab2f215f0156c7ae3db5a84ac68faef9692",
            "content_sha512": "c3e5c1fac90eb7cef156268e6115157a93d6f223e05265f7c576f952b193a33d2120f070c653349c618e9d55540d4853107397f0053b570091e67a8090a67c3a",
            "directory_permission": "0777",
            "file_permission": "0777",
            "filename": "./ubuntu_vm_password.txt",
            "id": "05f3afd97a2491b51b2df1c65de0331a3e7b9d39",
            "sensitive_content": null,
            "source": null
          },
          "sensitive_attributes": [
            [
              {
                "type": "get_attr",
                "value": "content"
              }
            ],
            [
              {
                "type": "get_attr",
                "value": "sensitive_content"
              }
            ]
          ],
          "dependencies": [
            "random_password.ubuntu_vm_password"
          ]
        }
      ]
    },
    {
      "mode": "managed",
      "type": "proxmox_virtual_environment_download_file",
      "name": "latest_ubuntu_22_jammy_qcow2_img",
      "provider": "provider[\"registry.terraform.io/bpg/proxmox\"]",
      "instances": [
        {
          "schema_version": 0,
          "attributes": {
            "checksum": null,
            "checksum_algorithm": null,
            "content_type": "iso",
            "datastore_id": "local",
            "decompression_algorithm": null,
            "file_name": "jammy-server-cloudimg-amd64.img",
            "id": "local:iso/jammy-server-cloudimg-amd64.img",
            "node_name": "node2",
            "overwrite": true,
            "overwrite_unmanaged": false,
            "size": 653668352,
            "upload_timeout": 600,
            "url": "https://cloud-images.ubuntu.com/jammy/current/jammy-server-cloudimg-amd64.img",
            "verify": true
          },
          "sensitive_attributes": [],
          "private": "eyJvcmlnaW5hbF9zdGF0ZV9zaXplIjoiTmpVek5qWTRNelV5IiwidXJsX3NpemUiOiJOalV6TmpZNE16VXkifQ=="
        }
      ]
    },
    {
      "mode": "managed",
      "type": "proxmox_virtual_environment_file",
      "name": "cloud_config",
      "provider": "provider[\"registry.terraform.io/bpg/proxmox\"]",
      "instances": [
        {
          "schema_version": 0,
          "attributes": {
            "content_type": "snippets",
            "datastore_id": "local",
            "file_mode": null,
            "file_modification_date": null,
            "file_name": "example.cloud-config.yaml",
            "file_size": null,
            "file_tag": null,
            "id": "local:snippets/example.cloud-config.yaml",
            "node_name": "node2",
            "overwrite": true,
            "source_file": [],
            "source_raw": [
              {
                "data": "#cloud-config\r\nchpasswd:\r\n  list: |\r\n    ubuntu:example\r\n  expire: false\r\nhostname: example-hostname\r\npackages:\r\n  - qemu-guest-agent\r\nusers:\r\n  - default\r\n  - name: ubuntu\r\n    groups: sudo\r\n    shell: /bin/bash\r\n    ssh-authorized-keys:\r\n      - ssh-rsa AAAAB3NzaC1yc2EAAAADAQABAAABAQCdly17fPJmfkyJYaFXl4dziFPxoYpcHI2/wAv//NJ90QXxusglLfajWkP5AS3rwB/ctrwDgZIJXD0wsT3eYCN8SET6Ghggjudxh3R6zm+FleUti+kiEtUzz7+xOA8MCnw5YYdHCgi/walmjkfXYsRYkL1g8tVHYCvshZyqK7zAwK/gfcUVBq1NLz2ZcIRl5bfLLt8UjikhfeXioZzOPUBQ1Xd0KaP/Sr++EkWGCZ58OVDCXSoKMoOSSUfvP7ibn1YG+wlDUlimf0eQNp8EnLbUwWNOqfE7wfZCyr+mUUKeN4pGvephS0winYDBZEZyFFLmWKJe3brqmmdLvtLLR2dj\r\n    sudo: ALL=(ALL) NOPASSWD:ALL\r\n    \r\n",
                "file_name": "example.cloud-config.yaml",
                "resize": 0
              }
            ],
            "timeout_upload": 1800
          },
          "sensitive_attributes": [],
          "private": "bnVsbA==",
          "dependencies": [
            "tls_private_key.ubuntu_vm_key"
          ]
        }
      ]
    },
    {
      "mode": "managed",
      "type": "proxmox_virtual_environment_vm",
      "name": "ubuntu_vm",
      "provider": "provider[\"registry.terraform.io/bpg/proxmox\"]",
      "instances": [
        {
          "schema_version": 0,
          "attributes": {
            "acpi": true,
            "agent": [
              {
                "enabled": false,
                "timeout": "15m",
                "trim": false,
                "type": "virtio"
              }
            ],
            "audio_device": [],
            "bios": "seabios",
            "boot_order": null,
            "cdrom": [],
            "clone": [],
            "cpu": [
              {
                "affinity": "",
                "architecture": "",
                "cores": 2,
                "flags": null,
                "hotplugged": 0,
                "limit": 0,
                "numa": false,
                "sockets": 1,
                "type": "x86-64-v2-AES",
                "units": 1024
              }
            ],
            "description": "Managed by Terraform",
            "disk": [
              {
                "aio": "io_uring",
                "backup": true,
                "cache": "none",
                "datastore_id": "local-lvm",
                "discard": "ignore",
                "file_format": "raw",
                "file_id": "local:iso/jammy-server-cloudimg-amd64.img",
                "interface": "scsi0",
                "iothread": false,
                "path_in_datastore": "vm-4321-disk-0",
                "replicate": true,
                "serial": "",
                "size": 8,
                "speed": [],
                "ssd": false
              }
            ],
            "efi_disk": [],
            "hook_script_file_id": null,
            "hostpci": [],
            "id": "4321",
            "initialization": [
              {
                "datastore_id": "local-lvm",
                "dns": [],
                "interface": "ide2",
                "ip_config": [
                  {
                    "ipv4": [
                      {
                        "address": "dhcp",
                        "gateway": ""
                      }
                    ],
                    "ipv6": []
                  }
                ],
                "meta_data_file_id": "",
                "network_data_file_id": "",
                "type": "",
                "upgrade": false,
                "user_account": [
                  {
                    "keys": [
                      "ssh-rsa AAAAB3NzaC1yc2EAAAADAQABAAABAQCdly17fPJmfkyJYaFXl4dziFPxoYpcHI2/wAv//NJ90QXxusglLfajWkP5AS3rwB/ctrwDgZIJXD0wsT3eYCN8SET6Ghggjudxh3R6zm+FleUti+kiEtUzz7+xOA8MCnw5YYdHCgi/walmjkfXYsRYkL1g8tVHYCvshZyqK7zAwK/gfcUVBq1NLz2ZcIRl5bfLLt8UjikhfeXioZzOPUBQ1Xd0KaP/Sr++EkWGCZ58OVDCXSoKMoOSSUfvP7ibn1YG+wlDUlimf0eQNp8EnLbUwWNOqfE7wfZCyr+mUUKeN4pGvephS0winYDBZEZyFFLmWKJe3brqmmdLvtLLR2dj"
                    ],
                    "password": "**********",
                    "username": "ubuntu"
                  }
                ],
                "user_data_file_id": "local:snippets/example.cloud-config.yaml",
                "vendor_data_file_id": ""
              }
            ],
            "ipv4_addresses": [],
            "ipv6_addresses": [],
            "keyboard_layout": "en-us",
            "kvm_arguments": "",
            "mac_addresses": [
              "BC:24:11:37:04:CA"
            ],
            "machine": "",
            "memory": [
              {
                "dedicated": 2048,
                "floating": 2048,
                "hugepages": "",
                "keep_hugepages": false,
                "shared": 0
              }
            ],
            "migrate": false,
            "name": "terraform-provider-proxmox-ubuntu-vm",
            "network_device": [
              {
                "bridge": "vmbr0",
                "disconnected": false,
                "enabled": true,
                "firewall": false,
                "mac_address": "BC:24:11:37:04:CA",
                "model": "virtio",
                "mtu": 0,
                "queues": 0,
                "rate_limit": 0,
                "trunks": "",
                "vlan_id": 0
              }
            ],
            "network_interface_names": [],
            "node_name": "node2",
            "numa": [],
            "on_boot": true,
            "operating_system": [
              {
                "type": "l26"
              }
            ],
            "pool_id": null,
            "protection": false,
            "reboot": false,
            "scsi_hardware": "virtio-scsi-pci",
            "serial_device": [
              {
                "device": "socket"
              }
            ],
            "smbios": [],
            "started": true,
            "startup": [
              {
                "down_delay": 60,
                "order": 3,
                "up_delay": 60
              }
            ],
            "stop_on_destroy": true,
            "tablet_device": true,
            "tags": [
              "terraform",
              "ubuntu"
            ],
            "template": false,
            "timeout_clone": 1800,
            "timeout_create": 1800,
            "timeout_migrate": 1800,
            "timeout_move_disk": 1800,
            "timeout_reboot": 1800,
            "timeout_shutdown_vm": 1800,
            "timeout_start_vm": 1800,
            "timeout_stop_vm": 300,
            "tpm_state": [],
            "usb": [],
            "vga": [],
            "vm_id": 4321,
            "watchdog": []
          },
          "sensitive_attributes": [
            [
              {
                "type": "get_attr",
                "value": "initialization"
              },
              {
                "type": "index",
                "value": {
                  "value": 0,
                  "type": "number"
                }
              },
              {
                "type": "get_attr",
                "value": "user_account"
              },
              {
                "type": "index",
                "value": {
                  "value": 0,
                  "type": "number"
                }
              },
              {
                "type": "get_attr",
                "value": "password"
              }
            ]
          ],
          "private": "bnVsbA==",
          "dependencies": [
            "proxmox_virtual_environment_download_file.latest_ubuntu_22_jammy_qcow2_img",
            "proxmox_virtual_environment_file.cloud_config",
            "tls_private_key.ubuntu_vm_key"
          ]
        }
      ]
    },
    {
      "mode": "managed",
      "type": "random_password",
      "name": "ubuntu_vm_password",
      "provider": "provider[\"registry.terraform.io/hashicorp/random\"]",
      "instances": [
        {
          "schema_version": 3,
          "attributes": {
            "bcrypt_hash": "$2a$10$Ef84YV.x03KDAGE2cZR./uaNLW8UKSuJnMX30WjRsINQpYA8fZWYy",
            "id": "none",
            "keepers": null,
            "length": 16,
            "lower": true,
            "min_lower": 0,
            "min_numeric": 0,
            "min_special": 0,
            "min_upper": 0,
            "number": true,
            "numeric": true,
            "override_special": "_%@",
            "result": "6MWngy65d6td22HR",
            "special": true,
            "upper": true
          },
          "sensitive_attributes": [
            [
              {
                "type": "get_attr",
                "value": "bcrypt_hash"
              }
            ],
            [
              {
                "type": "get_attr",
                "value": "result"
              }
            ]
          ]
        }
      ]
    },
    {
      "mode": "managed",
      "type": "tls_private_key",
      "name": "ubuntu_vm_key",
      "provider": "provider[\"registry.terraform.io/hashicorp/tls\"]",
      "instances": [
        {
          "schema_version": 1,
          "attributes": {
            "algorithm": "RSA",
            "ecdsa_curve": "P224",
            "id": "c3a8da8bd08889c3ef202569f5c43c11219cccbd",
            "private_key_openssh": "-----BEGIN OPENSSH PRIVATE KEY-----\nb3BlbnNzaC1rZXktdjEAAAAABG5vbmUAAAAEbm9uZQAAAAAAAAABAAABFwAAAAdz\nc2gtcnNhAAAAAwEAAQAAAQEAnZcte3zyZn5MiWGhV5eHc4hT8aGKXByNv8AL//zS\nfdEF8brIJS32o1pD+QEt68Af3La8A4GSCVw9MLE93mAjfEhE+hoYII7ncYd0es5v\nhZXlLYvpIhLVM8+/sTgPDAp8OWGHRwoIv8GpZo5H12LEWJC9YPLVR2Ar7IWcqiu8\nwMCv4H3FFQatTS89mXCEZeW3yy7fFI4pIX3l4qGczj1AUNV3dCmj/0q/vhJFhgme\nfDlQwl0qCjKDkklH7z+4m59WBvsJQ1JYpn9HkDafBJy21MFjTqnxO8H2Qsq/plFC\nnjeKRr3qYUtMIp2AwWRGchRS5liiXt266ppnS77Sy0dnYwAAA7gmp6lrJqepawAA\nAAdzc2gtcnNhAAABAQCdly17fPJmfkyJYaFXl4dziFPxoYpcHI2/wAv//NJ90QXx\nusglLfajWkP5AS3rwB/ctrwDgZIJXD0wsT3eYCN8SET6Ghggjudxh3R6zm+FleUt\ni+kiEtUzz7+xOA8MCnw5YYdHCgi/walmjkfXYsRYkL1g8tVHYCvshZyqK7zAwK/g\nfcUVBq1NLz2ZcIRl5bfLLt8UjikhfeXioZzOPUBQ1Xd0KaP/Sr++EkWGCZ58OVDC\nXSoKMoOSSUfvP7ibn1YG+wlDUlimf0eQNp8EnLbUwWNOqfE7wfZCyr+mUUKeN4pG\nvephS0winYDBZEZyFFLmWKJe3brqmmdLvtLLR2djAAAAAwEAAQAAAQAdqSmfV3oM\nPnNLXDvQz61n2l3qWbw/8APh9lSL3tsDYUccI0qubMNCJagrgsRQ3f1hPmeOxWFm\nL504v/NkGnYzWyrYY/bskdkP7i3HO3mUDA1xkCbWCfNk6BItWd7DJmoRJsEeZs4U\nwW+P5PGyoV1RShTK3Ym1AG3j+5XsFYVWReJuE5dSxH4kdxkwzJV8xSopOlk75MGX\nxMu1PM0KTIHD5vLwfmRXPIbO8k2b43+u/hKv1S9b+/5HqANa0WEljJ7p0JXKSMrU\n0RT3jKQsQiRNejs+dIyNhlPGwD+VM52d+42SasipDZKCXBtMwupCoOqZw1S7KVgj\n4o5LFoJQlZjhAAAAgAC6Nq3571yHGJ/qPbuff3RB7RwQakKWFUjbY/YeUZhrElaa\nltdjtWB35v0bclY6FyxAFujmXqzYtqQgomoHJ4IbzUQXA40vE/aEGV13ZR8NsWFt\nZNp0d1cg6NhxVVmtHhymbcEyabRmk4csrxznRVtAAaYeNnLCFSJOdcb7VznZAAAA\ngQDPk3xzAF/NHgsPbYA5ahlyqigX4HUY4v6y5CFawT9744G7DeaZl9FJBgpGTUj4\nq+pCk3cJ2iBkiJ9zMPFG3gDKLnQCzWTEIFerd63PcMEHH/WYvXC4JCnr6vL+E86G\n4h7hLyiJzYbjlJYQMNFpblGSMm/xgn3BrDBwNsZx/Ve9MwAAAIEAwlqJSs8xM+K9\ntFkamrEx11+7/ffZcUdZymoO5OeqELXI+nHQoKZXR/NNXas/9hm9yM4AWtBt48WQ\nSF3+KzMSHYzecvcMC2kpyxx3DR14mGhOgWU1bMSZ8Ypgzu2zDWOeYzGEwHFvc2kY\nUdoEeFNzx3mnbiBs8EX5hDyn6B5GzREAAAAAAQID\n-----END OPENSSH PRIVATE KEY-----\n",
            "private_key_pem": "-----BEGIN RSA PRIVATE KEY-----\nMIIEowIBAAKCAQEAnZcte3zyZn5MiWGhV5eHc4hT8aGKXByNv8AL//zSfdEF8brI\nJS32o1pD+QEt68Af3La8A4GSCVw9MLE93mAjfEhE+hoYII7ncYd0es5vhZXlLYvp\nIhLVM8+/sTgPDAp8OWGHRwoIv8GpZo5H12LEWJC9YPLVR2Ar7IWcqiu8wMCv4H3F\nFQatTS89mXCEZeW3yy7fFI4pIX3l4qGczj1AUNV3dCmj/0q/vhJFhgmefDlQwl0q\nCjKDkklH7z+4m59WBvsJQ1JYpn9HkDafBJy21MFjTqnxO8H2Qsq/plFCnjeKRr3q\nYUtMIp2AwWRGchRS5liiXt266ppnS77Sy0dnYwIDAQABAoIBAB2pKZ9Xegw+c0tc\nO9DPrWfaXepZvD/wA+H2VIve2wNhRxwjSq5sw0IlqCuCxFDd/WE+Z47FYWYvnTi/\n82QadjNbKthj9uyR2Q/uLcc7eZQMDXGQJtYJ82ToEi1Z3sMmahEmwR5mzhTBb4/k\n8bKhXVFKFMrdibUAbeP7lewVhVZF4m4Tl1LEfiR3GTDMlXzFKik6WTvkwZfEy7U8\nzQpMgcPm8vB+ZFc8hs7yTZvjf67+Eq/VL1v7/keoA1rRYSWMnunQlcpIytTRFPeM\npCxCJE16Oz50jI2GU8bAP5UznZ37jZJqyKkNkoJcG0zC6kKg6pnDVLspWCPijksW\nglCVmOECgYEAz5N8cwBfzR4LD22AOWoZcqooF+B1GOL+suQhWsE/e+OBuw3mmZfR\nSQYKRk1I+KvqQpN3CdogZIifczDxRt4Ayi50As1kxCBXq3etz3DBBx/1mL1wuCQp\n6+ry/hPOhuIe4S8oic2G45SWEDDRaW5RkjJv8YJ9wawwcDbGcf1XvTMCgYEAwlqJ\nSs8xM+K9tFkamrEx11+7/ffZcUdZymoO5OeqELXI+nHQoKZXR/NNXas/9hm9yM4A\nWtBt48WQSF3+KzMSHYzecvcMC2kpyxx3DR14mGhOgWU1bMSZ8Ypgzu2zDWOeYzGE\nwHFvc2kYUdoEeFNzx3mnbiBs8EX5hDyn6B5GzRECgYEAk6W8p7BkdGoiQ98Hjc9C\nOqV9zz4BDKqpsGVEtGEw3tZ8uKiylh2+58o8FLV0ai0efCyYR5G36MqlYDI37MiM\nl0NjkXq3ain3Mif2oc75/i9lajeVreVLTFvaa497H8ZHYLVCiIKAp/BQrUOMMQof\nS3ZE2eyPturbqXXMwdgKSLECgYBAvDFAprSHyL1RReCTp/Om/i86z4QwtAhXYG4n\nlnZR7IrNyH0qFV27DHI3gePjD/3j1aHOneAMXvDI+e2/69nb1+D8QAdWAag3C/sn\ndiqF8TA87z4VRYLVLjdClW/vRMAr4AGMq/voYBgGo2ybu4gz5/R5vPksKtKKVj3D\nFdqVUQKBgAC6Nq3571yHGJ/qPbuff3RB7RwQakKWFUjbY/YeUZhrElaaltdjtWB3\n5v0bclY6FyxAFujmXqzYtqQgomoHJ4IbzUQXA40vE/aEGV13ZR8NsWFtZNp0d1cg\n6NhxVVmtHhymbcEyabRmk4csrxznRVtAAaYeNnLCFSJOdcb7VznZ\n-----END RSA PRIVATE KEY-----\n",
            "private_key_pem_pkcs8": "-----BEGIN PRIVATE KEY-----\nMIIEvQIBADANBgkqhkiG9w0BAQEFAASCBKcwggSjAgEAAoIBAQCdly17fPJmfkyJ\nYaFXl4dziFPxoYpcHI2/wAv//NJ90QXxusglLfajWkP5AS3rwB/ctrwDgZIJXD0w\nsT3eYCN8SET6Ghggjudxh3R6zm+FleUti+kiEtUzz7+xOA8MCnw5YYdHCgi/walm\njkfXYsRYkL1g8tVHYCvshZyqK7zAwK/gfcUVBq1NLz2ZcIRl5bfLLt8UjikhfeXi\noZzOPUBQ1Xd0KaP/Sr++EkWGCZ58OVDCXSoKMoOSSUfvP7ibn1YG+wlDUlimf0eQ\nNp8EnLbUwWNOqfE7wfZCyr+mUUKeN4pGvephS0winYDBZEZyFFLmWKJe3brqmmdL\nvtLLR2djAgMBAAECggEAHakpn1d6DD5zS1w70M+tZ9pd6lm8P/AD4fZUi97bA2FH\nHCNKrmzDQiWoK4LEUN39YT5njsVhZi+dOL/zZBp2M1sq2GP27JHZD+4txzt5lAwN\ncZAm1gnzZOgSLVnewyZqESbBHmbOFMFvj+TxsqFdUUoUyt2JtQBt4/uV7BWFVkXi\nbhOXUsR+JHcZMMyVfMUqKTpZO+TBl8TLtTzNCkyBw+by8H5kVzyGzvJNm+N/rv4S\nr9UvW/v+R6gDWtFhJYye6dCVykjK1NEU94ykLEIkTXo7PnSMjYZTxsA/lTOdnfuN\nkmrIqQ2SglwbTMLqQqDqmcNUuylYI+KOSxaCUJWY4QKBgQDPk3xzAF/NHgsPbYA5\nahlyqigX4HUY4v6y5CFawT9744G7DeaZl9FJBgpGTUj4q+pCk3cJ2iBkiJ9zMPFG\n3gDKLnQCzWTEIFerd63PcMEHH/WYvXC4JCnr6vL+E86G4h7hLyiJzYbjlJYQMNFp\nblGSMm/xgn3BrDBwNsZx/Ve9MwKBgQDCWolKzzEz4r20WRqasTHXX7v999lxR1nK\nag7k56oQtcj6cdCgpldH801dqz/2Gb3IzgBa0G3jxZBIXf4rMxIdjN5y9wwLaSnL\nHHcNHXiYaE6BZTVsxJnximDO7bMNY55jMYTAcW9zaRhR2gR4U3PHeaduIGzwRfmE\nPKfoHkbNEQKBgQCTpbynsGR0aiJD3weNz0I6pX3PPgEMqqmwZUS0YTDe1ny4qLKW\nHb7nyjwUtXRqLR58LJhHkbfoyqVgMjfsyIyXQ2ORerdqKfcyJ/ahzvn+L2VqN5Wt\n5UtMW9prj3sfxkdgtUKIgoCn8FCtQ4wxCh9LdkTZ7I+26tupdczB2ApIsQKBgEC8\nMUCmtIfIvVFF4JOn86b+LzrPhDC0CFdgbieWdlHsis3IfSoVXbsMcjeB4+MP/ePV\noc6d4Axe8Mj57b/r2dvX4PxAB1YBqDcL+yd2KoXxMDzvPhVFgtUuN0KVb+9EwCvg\nAYyr++hgGAajbJu7iDPn9Hm8+Swq0opWPcMV2pVRAoGAALo2rfnvXIcYn+o9u59/\ndEHtHBBqQpYVSNtj9h5RmGsSVpqW12O1YHfm/RtyVjoXLEAW6OZerNi2pCCiagcn\nghvNRBcDjS8T9oQZXXdlHw2xYW1k2nR3VyDo2HFVWa0eHKZtwTJptGaThyyvHOdF\nW0ABph42csIVIk51xvtXOdk=\n-----END PRIVATE KEY-----\n",
            "public_key_fingerprint_md5": "87:9e:2a:a3:d8:89:3e:9a:3f:b0:12:56:8b:5f:4a:c9",
            "public_key_fingerprint_sha256": "SHA256:PKRkssZauSHKlKtxF9QbRw1VK22dIQK70pbVSlXsVZc",
            "public_key_openssh": "ssh-rsa AAAAB3NzaC1yc2EAAAADAQABAAABAQCdly17fPJmfkyJYaFXl4dziFPxoYpcHI2/wAv//NJ90QXxusglLfajWkP5AS3rwB/ctrwDgZIJXD0wsT3eYCN8SET6Ghggjudxh3R6zm+FleUti+kiEtUzz7+xOA8MCnw5YYdHCgi/walmjkfXYsRYkL1g8tVHYCvshZyqK7zAwK/gfcUVBq1NLz2ZcIRl5bfLLt8UjikhfeXioZzOPUBQ1Xd0KaP/Sr++EkWGCZ58OVDCXSoKMoOSSUfvP7ibn1YG+wlDUlimf0eQNp8EnLbUwWNOqfE7wfZCyr+mUUKeN4pGvephS0winYDBZEZyFFLmWKJe3brqmmdLvtLLR2dj\n",
            "public_key_pem": "-----BEGIN PUBLIC KEY-----\nMIIBIjANBgkqhkiG9w0BAQEFAAOCAQ8AMIIBCgKCAQEAnZcte3zyZn5MiWGhV5eH\nc4hT8aGKXByNv8AL//zSfdEF8brIJS32o1pD+QEt68Af3La8A4GSCVw9MLE93mAj\nfEhE+hoYII7ncYd0es5vhZXlLYvpIhLVM8+/sTgPDAp8OWGHRwoIv8GpZo5H12LE\nWJC9YPLVR2Ar7IWcqiu8wMCv4H3FFQatTS89mXCEZeW3yy7fFI4pIX3l4qGczj1A\nUNV3dCmj/0q/vhJFhgmefDlQwl0qCjKDkklH7z+4m59WBvsJQ1JYpn9HkDafBJy2\n1MFjTqnxO8H2Qsq/plFCnjeKRr3qYUtMIp2AwWRGchRS5liiXt266ppnS77Sy0dn\nYwIDAQAB\n-----END PUBLIC KEY-----\n",
            "rsa_bits": 2048
          },
          "sensitive_attributes": [
            [
              {
                "type": "get_attr",
                "value": "private_key_pem_pkcs8"
              }
            ],
            [
              {
                "type": "get_attr",
                "value": "private_key_openssh"
              }
            ],
            [
              {
                "type": "get_attr",
                "value": "private_key_pem"
              }
            ]
          ]
        }
      ]
    }
  ],
  "check_results": null
}
