{
  "version": 4,
  "terraform_version": "1.9.8",
  "serial": 16,
  "lineage": "5b8b7170-43b7-448d-35a1-108799f1dbae",
  "outputs": {},
  "resources": [
    {
      "module": "module.k8s_nodes[0]",
      "mode": "managed",
      "type": "proxmox_virtual_environment_download_file",
      "name": "ubuntu_cloud_image",
      "provider": "provider[\"registry.terraform.io/bpg/proxmox\"]",
      "instances": [
        {
          "schema_version": 0,
          "attributes": {
            "checksum": null,
            "checksum_algorithm": null,
            "content_type": "iso",
            "datastore_id": "local",
            "decompression_algorithm": null,
            "file_name": "jammy-server-cloudimg-amd64.img",
            "id": "local:iso/jammy-server-cloudimg-amd64.img",
            "node_name": "node4",
            "overwrite": true,
            "overwrite_unmanaged": false,
            "size": 666727424,
            "upload_timeout": 600,
            "url": "https://cloud-images.ubuntu.com/jammy/current/jammy-server-cloudimg-amd64.img",
            "verify": true
          },
          "sensitive_attributes": [],
          "private": "eyJvcmlnaW5hbF9zdGF0ZV9zaXplIjoiTmpZMk56STNOREkwIiwidXJsX3NpemUiOiJOalkyTnpJM05ESTAifQ=="
        }
      ]
    },
    {
      "module": "module.k8s_nodes[1]",
      "mode": "managed",
      "type": "proxmox_virtual_environment_download_file",
      "name": "ubuntu_cloud_image",
      "provider": "provider[\"registry.terraform.io/bpg/proxmox\"]",
      "instances": [
        {
          "schema_version": 0,
          "attributes": {
            "checksum": null,
            "checksum_algorithm": null,
            "content_type": "iso",
            "datastore_id": "local",
            "decompression_algorithm": null,
            "file_name": "jammy-server-cloudimg-amd64.img",
            "id": "local:iso/jammy-server-cloudimg-amd64.img",
            "node_name": "node4",
            "overwrite": true,
            "overwrite_unmanaged": false,
            "size": 666727424,
            "upload_timeout": 600,
            "url": "https://cloud-images.ubuntu.com/jammy/current/jammy-server-cloudimg-amd64.img",
            "verify": true
          },
          "sensitive_attributes": [],
          "private": "eyJvcmlnaW5hbF9zdGF0ZV9zaXplIjoiTmpZMk56STNOREkwIiwidXJsX3NpemUiOiJOalkyTnpJM05ESTAifQ=="
        }
      ]
    }
  ],
  "check_results": null
}
